
Microsoft Visual Studio Solution File, Format Version 12.00
# Visual Studio Version 16
VisualStudioVersion = 16.0.30320.27
MinimumVisualStudioVersion = 10.0.40219.1
Project("{FAE04EC0-301F-11D3-BF4B-00C04F79EFBC}") = "ASP_NET_CORE_EF", "ASP_NET_CORE_EF\ASP_NET_CORE_EF.csproj", "{52C9A736-F04B-46FE-979C-48B3C9D15EEE}"
EndProject
Global
	GlobalSection(SolutionConfigurationPlatforms) = preSolution
		Debug|Any CPU = Debug|Any CPU
		Release|Any CPU = Release|Any CPU
	EndGlobalSection
	GlobalSection(ProjectConfigurationPlatforms) = postSolution
		{52C9A736-F04B-46FE-979C-48B3C9D15EEE}.Debug|Any CPU.ActiveCfg = Debug|Any CPU
		{52C9A736-F04B-46FE-979C-48B3C9D15EEE}.Debug|Any CPU.Build.0 = Debug|Any CPU
		{52C9A736-F04B-46FE-979C-48B3C9D15EEE}.Release|Any CPU.ActiveCfg = Release|Any CPU
		{52C9A736-F04B-46FE-979C-48B3C9D15EEE}.Release|Any CPU.Build.0 = Release|Any CPU
	EndGlobalSection
	GlobalSection(SolutionProperties) = preSolution
		HideSolutionNode = FALSE
	EndGlobalSection
	GlobalSection(ExtensibilityGlobals) = postSolution
		SolutionGuid = {E5B85C52-2C5D-4A8A-A4FB-28DA927D6290}
	EndGlobalSection
EndGlobal
